
Microsoft Visual Studio Solution File, Format Version 12.00
# Visual Studio Version 16
VisualStudioVersion = 16.0.30309.148
MinimumVisualStudioVersion = 10.0.40219.1
Project("{FAE04EC0-301F-11D3-BF4B-00C04F79EFBC}") = "GamePractice", "GamePractice.csproj", "{172322B9-C737-4AF7-8E16-69A743DB4832}"
EndProject
Global
	GlobalSection(SolutionConfigurationPlatforms) = preSolution
		Debug|Any CPU = Debug|Any CPU
		Release|Any CPU = Release|Any CPU
	EndGlobalSection
	GlobalSection(ProjectConfigurationPlatforms) = postSolution
		{172322B9-C737-4AF7-8E16-69A743DB4832}.Debug|Any CPU.ActiveCfg = Debug|Any CPU
		{172322B9-C737-4AF7-8E16-69A743DB4832}.Debug|Any CPU.Build.0 = Debug|Any CPU
		{172322B9-C737-4AF7-8E16-69A743DB4832}.Release|Any CPU.ActiveCfg = Release|Any CPU
		{172322B9-C737-4AF7-8E16-69A743DB4832}.Release|Any CPU.Build.0 = Release|Any CPU
	EndGlobalSection
	GlobalSection(SolutionProperties) = preSolution
		HideSolutionNode = FALSE
	EndGlobalSection
	GlobalSection(ExtensibilityGlobals) = postSolution
		SolutionGuid = {327952E1-7128-48C3-9C74-58D61890CE79}
	EndGlobalSection
EndGlobal
